
Microsoft Visual Studio Solution File, Format Version 12.00
# Visual Studio 2013
VisualStudioVersion = 12.0.31101.0
MinimumVisualStudioVersion = 10.0.40219.1
Project("{FAE04EC0-301F-11D3-BF4B-00C04F79EFBC}") = "Warehouse.Silverlight", "Warehouse.Silverlight\Warehouse.Silverlight.csproj", "{ACA10940-D0C4-44DC-8012-703E69F58422}"
	ProjectSection(ProjectDependencies) = postProject
		{A9E3E722-A7CC-4A04-A9C4-A4C87DD18AA8} = {A9E3E722-A7CC-4A04-A9C4-A4C87DD18AA8}
		{23145441-7B98-4921-82E0-4786CD3374CD} = {23145441-7B98-4921-82E0-4786CD3374CD}
		{11B43E9A-BCC5-49A4-A677-2AFFAF6F7F6B} = {11B43E9A-BCC5-49A4-A677-2AFFAF6F7F6B}
	EndProjectSection
EndProject
Project("{FAE04EC0-301F-11D3-BF4B-00C04F79EFBC}") = "Warehouse.Server", "Warehouse.Server\Warehouse.Server.csproj", "{BD82060C-1D5E-4D6C-80AA-54FF96C5570C}"
	ProjectSection(ProjectDependencies) = postProject
		{ACA10940-D0C4-44DC-8012-703E69F58422} = {ACA10940-D0C4-44DC-8012-703E69F58422}
	EndProjectSection
EndProject
Project("{FAE04EC0-301F-11D3-BF4B-00C04F79EFBC}") = "Warehouse.Silverlight.MainModule", "Warehouse.Silverlight.MainModule\Warehouse.Silverlight.MainModule.csproj", "{F77D538B-1F2E-4F01-951F-DBA2B45CB937}"
EndProject
Project("{FAE04EC0-301F-11D3-BF4B-00C04F79EFBC}") = "Warehouse.Server.Data", "Warehouse.Server.Data\Warehouse.Server.Data.csproj", "{BB08A735-138E-4EE9-97C3-F096DC6579E9}"
EndProject
Project("{FAE04EC0-301F-11D3-BF4B-00C04F79EFBC}") = "Warehouse.Server.Models", "Warehouse.Server.Models\Warehouse.Server.Models.csproj", "{D1B1DE82-23E9-4266-BD6B-812D094965D0}"
EndProject
Project("{FAE04EC0-301F-11D3-BF4B-00C04F79EFBC}") = "Warehouse.Silverlight.Models", "Warehouse.Silverlight.Models\Warehouse.Silverlight.Models.csproj", "{23145441-7B98-4921-82E0-4786CD3374CD}"
EndProject
Project("{2150E333-8FDC-42A3-9474-1A3956D46DE8}") = "Server", "Server", "{7AEF54B0-3361-45D4-84D9-BB33BDE2D94D}"
EndProject
Project("{2150E333-8FDC-42A3-9474-1A3956D46DE8}") = "Silverlight", "Silverlight", "{9D9B19C0-75CE-45F4-9765-D24353D074B5}"
EndProject
Project("{2150E333-8FDC-42A3-9474-1A3956D46DE8}") = "Modules", "Modules", "{EF2E0DBE-C33B-4479-82DA-004236EFC0C8}"
EndProject
Project("{FAE04EC0-301F-11D3-BF4B-00C04F79EFBC}") = "Warehouse.Silverlight.Infrastructure", "Warehouse.Silverlight.Infrastructure\Warehouse.Silverlight.Infrastructure.csproj", "{11B43E9A-BCC5-49A4-A677-2AFFAF6F7F6B}"
EndProject
Project("{FAE04EC0-301F-11D3-BF4B-00C04F79EFBC}") = "Warehouse.Server.Identity", "Warehouse.Server.Identity\Warehouse.Server.Identity.csproj", "{B714EE38-6495-41D5-9D1B-03F3F69411C6}"
EndProject
Project("{2150E333-8FDC-42A3-9474-1A3956D46DE8}") = "Utils", "Utils", "{3D80D4C1-4309-4614-AE1B-4EA43D168AE4}"
EndProject
Project("{FAE04EC0-301F-11D3-BF4B-00C04F79EFBC}") = "Warehouse.Utils.CreateUser", "Warehouse.Utils.CreateUser\Warehouse.Utils.CreateUser.csproj", "{C561D7F2-EC3A-4BF1-8298-FBAE256D25CB}"
EndProject
Project("{FAE04EC0-301F-11D3-BF4B-00C04F79EFBC}") = "Warehouse.Silverlight.NavigationModule", "Warehouse.Silverlight.NavigationModule\Warehouse.Silverlight.NavigationModule.csproj", "{A45884A7-CA8D-4B1E-B51B-30BDC46319B0}"
EndProject
Project("{FAE04EC0-301F-11D3-BF4B-00C04F79EFBC}") = "Warehouse.Silverlight.Controls", "Warehouse.Silverlight.Controls\Warehouse.Silverlight.Controls.csproj", "{A9E3E722-A7CC-4A04-A9C4-A4C87DD18AA8}"
EndProject
Project("{FAE04EC0-301F-11D3-BF4B-00C04F79EFBC}") = "Warehouse.Silverlight.SignalR", "Warehouse.Silverlight.SignalR\Warehouse.Silverlight.SignalR.csproj", "{D459A7BC-6E54-4FA9-9E12-67CE3D90394F}"
EndProject
Project("{FAE04EC0-301F-11D3-BF4B-00C04F79EFBC}") = "Warehouse.Silverlight.Navigation", "Warehouse.Silverlight.Navigation\Warehouse.Silverlight.Navigation.csproj", "{28F2DF8B-3C3B-411E-AF20-5A027F0F8776}"
EndProject
Project("{FAE04EC0-301F-11D3-BF4B-00C04F79EFBC}") = "Warehouse.Silverlight.Data", "Warehouse.Silverlight.Data\Warehouse.Silverlight.Data.csproj", "{0C80B2FE-F560-41A3-B450-9AA2D5564325}"
EndProject
Project("{FAE04EC0-301F-11D3-BF4B-00C04F79EFBC}") = "Warehouse.Silverlight.SettingsModule", "Warehouse.Silverlight.SettingsModule\Warehouse.Silverlight.SettingsModule.csproj", "{47AFE31C-4673-4B1D-9DF7-A14A1565B2AE}"
EndProject
Project("{FAE04EC0-301F-11D3-BF4B-00C04F79EFBC}") = "Warehouse.Silverlight.Auth", "Warehouse.Silverlight.Auth\Warehouse.Silverlight.Auth.csproj", "{0BC82E3F-90B2-4873-B4DE-75DBBA42B0D2}"
EndProject
Project("{FAE04EC0-301F-11D3-BF4B-00C04F79EFBC}") = "Warehouse.Silverlight.Log", "Warehouse.Silverlight.Log\Warehouse.Silverlight.Log.csproj", "{DC5E6D0C-1F7A-4560-8E5B-98F1C043C03D}"
EndProject
Project("{FAE04EC0-301F-11D3-BF4B-00C04F79EFBC}") = "Warehouse.Silverlight.Data.Http", "Warehouse.Silverlight.Data.Http\Warehouse.Silverlight.Data.Http.csproj", "{9CFF4569-1EDB-4D53-8436-D3C7124DABCD}"
EndProject
Project("{FAE04EC0-301F-11D3-BF4B-00C04F79EFBC}") = "Warehouse.Silverlight.UsersModule", "Warehouse.Silverlight.UsersModule\Warehouse.Silverlight.UsersModule.csproj", "{BE169CBC-5E4B-423E-9B04-CAB520448ED0}"
EndProject
Global
	GlobalSection(SolutionConfigurationPlatforms) = preSolution
		Debug|Any CPU = Debug|Any CPU
		Release|Any CPU = Release|Any CPU
	EndGlobalSection
	GlobalSection(ProjectConfigurationPlatforms) = postSolution
		{ACA10940-D0C4-44DC-8012-703E69F58422}.Debug|Any CPU.ActiveCfg = Debug|Any CPU
		{ACA10940-D0C4-44DC-8012-703E69F58422}.Debug|Any CPU.Build.0 = Debug|Any CPU
		{ACA10940-D0C4-44DC-8012-703E69F58422}.Release|Any CPU.ActiveCfg = Release|Any CPU
		{ACA10940-D0C4-44DC-8012-703E69F58422}.Release|Any CPU.Build.0 = Release|Any CPU
		{BD82060C-1D5E-4D6C-80AA-54FF96C5570C}.Debug|Any CPU.ActiveCfg = Debug|Any CPU
		{BD82060C-1D5E-4D6C-80AA-54FF96C5570C}.Debug|Any CPU.Build.0 = Debug|Any CPU
		{BD82060C-1D5E-4D6C-80AA-54FF96C5570C}.Release|Any CPU.ActiveCfg = Release|Any CPU
		{BD82060C-1D5E-4D6C-80AA-54FF96C5570C}.Release|Any CPU.Build.0 = Release|Any CPU
		{F77D538B-1F2E-4F01-951F-DBA2B45CB937}.Debug|Any CPU.ActiveCfg = Debug|Any CPU
		{F77D538B-1F2E-4F01-951F-DBA2B45CB937}.Debug|Any CPU.Build.0 = Debug|Any CPU
		{F77D538B-1F2E-4F01-951F-DBA2B45CB937}.Release|Any CPU.ActiveCfg = Release|Any CPU
		{F77D538B-1F2E-4F01-951F-DBA2B45CB937}.Release|Any CPU.Build.0 = Release|Any CPU
		{BB08A735-138E-4EE9-97C3-F096DC6579E9}.Debug|Any CPU.ActiveCfg = Debug|Any CPU
		{BB08A735-138E-4EE9-97C3-F096DC6579E9}.Debug|Any CPU.Build.0 = Debug|Any CPU
		{BB08A735-138E-4EE9-97C3-F096DC6579E9}.Release|Any CPU.ActiveCfg = Release|Any CPU
		{BB08A735-138E-4EE9-97C3-F096DC6579E9}.Release|Any CPU.Build.0 = Release|Any CPU
		{D1B1DE82-23E9-4266-BD6B-812D094965D0}.Debug|Any CPU.ActiveCfg = Debug|Any CPU
		{D1B1DE82-23E9-4266-BD6B-812D094965D0}.Debug|Any CPU.Build.0 = Debug|Any CPU
		{D1B1DE82-23E9-4266-BD6B-812D094965D0}.Release|Any CPU.ActiveCfg = Release|Any CPU
		{D1B1DE82-23E9-4266-BD6B-812D094965D0}.Release|Any CPU.Build.0 = Release|Any CPU
		{23145441-7B98-4921-82E0-4786CD3374CD}.Debug|Any CPU.ActiveCfg = Debug|Any CPU
		{23145441-7B98-4921-82E0-4786CD3374CD}.Debug|Any CPU.Build.0 = Debug|Any CPU
		{23145441-7B98-4921-82E0-4786CD3374CD}.Release|Any CPU.ActiveCfg = Release|Any CPU
		{23145441-7B98-4921-82E0-4786CD3374CD}.Release|Any CPU.Build.0 = Release|Any CPU
		{11B43E9A-BCC5-49A4-A677-2AFFAF6F7F6B}.Debug|Any CPU.ActiveCfg = Debug|Any CPU
		{11B43E9A-BCC5-49A4-A677-2AFFAF6F7F6B}.Debug|Any CPU.Build.0 = Debug|Any CPU
		{11B43E9A-BCC5-49A4-A677-2AFFAF6F7F6B}.Release|Any CPU.ActiveCfg = Release|Any CPU
		{11B43E9A-BCC5-49A4-A677-2AFFAF6F7F6B}.Release|Any CPU.Build.0 = Release|Any CPU
		{B714EE38-6495-41D5-9D1B-03F3F69411C6}.Debug|Any CPU.ActiveCfg = Debug|Any CPU
		{B714EE38-6495-41D5-9D1B-03F3F69411C6}.Debug|Any CPU.Build.0 = Debug|Any CPU
		{B714EE38-6495-41D5-9D1B-03F3F69411C6}.Release|Any CPU.ActiveCfg = Release|Any CPU
		{B714EE38-6495-41D5-9D1B-03F3F69411C6}.Release|Any CPU.Build.0 = Release|Any CPU
		{C561D7F2-EC3A-4BF1-8298-FBAE256D25CB}.Debug|Any CPU.ActiveCfg = Debug|Any CPU
		{C561D7F2-EC3A-4BF1-8298-FBAE256D25CB}.Debug|Any CPU.Build.0 = Debug|Any CPU
		{C561D7F2-EC3A-4BF1-8298-FBAE256D25CB}.Release|Any CPU.ActiveCfg = Release|Any CPU
		{C561D7F2-EC3A-4BF1-8298-FBAE256D25CB}.Release|Any CPU.Build.0 = Release|Any CPU
		{A45884A7-CA8D-4B1E-B51B-30BDC46319B0}.Debug|Any CPU.ActiveCfg = Debug|Any CPU
		{A45884A7-CA8D-4B1E-B51B-30BDC46319B0}.Debug|Any CPU.Build.0 = Debug|Any CPU
		{A45884A7-CA8D-4B1E-B51B-30BDC46319B0}.Release|Any CPU.ActiveCfg = Release|Any CPU
		{A45884A7-CA8D-4B1E-B51B-30BDC46319B0}.Release|Any CPU.Build.0 = Release|Any CPU
		{A9E3E722-A7CC-4A04-A9C4-A4C87DD18AA8}.Debug|Any CPU.ActiveCfg = Debug|Any CPU
		{A9E3E722-A7CC-4A04-A9C4-A4C87DD18AA8}.Debug|Any CPU.Build.0 = Debug|Any CPU
		{A9E3E722-A7CC-4A04-A9C4-A4C87DD18AA8}.Release|Any CPU.ActiveCfg = Release|Any CPU
		{A9E3E722-A7CC-4A04-A9C4-A4C87DD18AA8}.Release|Any CPU.Build.0 = Release|Any CPU
		{D459A7BC-6E54-4FA9-9E12-67CE3D90394F}.Debug|Any CPU.ActiveCfg = Debug|Any CPU
		{D459A7BC-6E54-4FA9-9E12-67CE3D90394F}.Debug|Any CPU.Build.0 = Debug|Any CPU
		{D459A7BC-6E54-4FA9-9E12-67CE3D90394F}.Release|Any CPU.ActiveCfg = Release|Any CPU
		{D459A7BC-6E54-4FA9-9E12-67CE3D90394F}.Release|Any CPU.Build.0 = Release|Any CPU
		{28F2DF8B-3C3B-411E-AF20-5A027F0F8776}.Debug|Any CPU.ActiveCfg = Debug|Any CPU
		{28F2DF8B-3C3B-411E-AF20-5A027F0F8776}.Debug|Any CPU.Build.0 = Debug|Any CPU
		{28F2DF8B-3C3B-411E-AF20-5A027F0F8776}.Release|Any CPU.ActiveCfg = Release|Any CPU
		{28F2DF8B-3C3B-411E-AF20-5A027F0F8776}.Release|Any CPU.Build.0 = Release|Any CPU
		{0C80B2FE-F560-41A3-B450-9AA2D5564325}.Debug|Any CPU.ActiveCfg = Debug|Any CPU
		{0C80B2FE-F560-41A3-B450-9AA2D5564325}.Debug|Any CPU.Build.0 = Debug|Any CPU
		{0C80B2FE-F560-41A3-B450-9AA2D5564325}.Release|Any CPU.ActiveCfg = Release|Any CPU
		{0C80B2FE-F560-41A3-B450-9AA2D5564325}.Release|Any CPU.Build.0 = Release|Any CPU
		{47AFE31C-4673-4B1D-9DF7-A14A1565B2AE}.Debug|Any CPU.ActiveCfg = Debug|Any CPU
		{47AFE31C-4673-4B1D-9DF7-A14A1565B2AE}.Debug|Any CPU.Build.0 = Debug|Any CPU
		{47AFE31C-4673-4B1D-9DF7-A14A1565B2AE}.Release|Any CPU.ActiveCfg = Release|Any CPU
		{47AFE31C-4673-4B1D-9DF7-A14A1565B2AE}.Release|Any CPU.Build.0 = Release|Any CPU
		{0BC82E3F-90B2-4873-B4DE-75DBBA42B0D2}.Debug|Any CPU.ActiveCfg = Debug|Any CPU
		{0BC82E3F-90B2-4873-B4DE-75DBBA42B0D2}.Debug|Any CPU.Build.0 = Debug|Any CPU
		{0BC82E3F-90B2-4873-B4DE-75DBBA42B0D2}.Release|Any CPU.ActiveCfg = Release|Any CPU
		{0BC82E3F-90B2-4873-B4DE-75DBBA42B0D2}.Release|Any CPU.Build.0 = Release|Any CPU
		{DC5E6D0C-1F7A-4560-8E5B-98F1C043C03D}.Debug|Any CPU.ActiveCfg = Debug|Any CPU
		{DC5E6D0C-1F7A-4560-8E5B-98F1C043C03D}.Debug|Any CPU.Build.0 = Debug|Any CPU
		{DC5E6D0C-1F7A-4560-8E5B-98F1C043C03D}.Release|Any CPU.ActiveCfg = Release|Any CPU
		{DC5E6D0C-1F7A-4560-8E5B-98F1C043C03D}.Release|Any CPU.Build.0 = Release|Any CPU
		{9CFF4569-1EDB-4D53-8436-D3C7124DABCD}.Debug|Any CPU.ActiveCfg = Debug|Any CPU
		{9CFF4569-1EDB-4D53-8436-D3C7124DABCD}.Debug|Any CPU.Build.0 = Debug|Any CPU
		{9CFF4569-1EDB-4D53-8436-D3C7124DABCD}.Release|Any CPU.ActiveCfg = Release|Any CPU
		{9CFF4569-1EDB-4D53-8436-D3C7124DABCD}.Release|Any CPU.Build.0 = Release|Any CPU
		{BE169CBC-5E4B-423E-9B04-CAB520448ED0}.Debug|Any CPU.ActiveCfg = Debug|Any CPU
		{BE169CBC-5E4B-423E-9B04-CAB520448ED0}.Debug|Any CPU.Build.0 = Debug|Any CPU
		{BE169CBC-5E4B-423E-9B04-CAB520448ED0}.Release|Any CPU.ActiveCfg = Release|Any CPU
		{BE169CBC-5E4B-423E-9B04-CAB520448ED0}.Release|Any CPU.Build.0 = Release|Any CPU
	EndGlobalSection
	GlobalSection(SolutionProperties) = preSolution
		HideSolutionNode = FALSE
	EndGlobalSection
	GlobalSection(NestedProjects) = preSolution
		{ACA10940-D0C4-44DC-8012-703E69F58422} = {9D9B19C0-75CE-45F4-9765-D24353D074B5}
		{BD82060C-1D5E-4D6C-80AA-54FF96C5570C} = {7AEF54B0-3361-45D4-84D9-BB33BDE2D94D}
		{F77D538B-1F2E-4F01-951F-DBA2B45CB937} = {EF2E0DBE-C33B-4479-82DA-004236EFC0C8}
		{BB08A735-138E-4EE9-97C3-F096DC6579E9} = {7AEF54B0-3361-45D4-84D9-BB33BDE2D94D}
		{D1B1DE82-23E9-4266-BD6B-812D094965D0} = {7AEF54B0-3361-45D4-84D9-BB33BDE2D94D}
		{23145441-7B98-4921-82E0-4786CD3374CD} = {9D9B19C0-75CE-45F4-9765-D24353D074B5}
		{EF2E0DBE-C33B-4479-82DA-004236EFC0C8} = {9D9B19C0-75CE-45F4-9765-D24353D074B5}
		{11B43E9A-BCC5-49A4-A677-2AFFAF6F7F6B} = {9D9B19C0-75CE-45F4-9765-D24353D074B5}
		{B714EE38-6495-41D5-9D1B-03F3F69411C6} = {7AEF54B0-3361-45D4-84D9-BB33BDE2D94D}
		{C561D7F2-EC3A-4BF1-8298-FBAE256D25CB} = {3D80D4C1-4309-4614-AE1B-4EA43D168AE4}
		{A45884A7-CA8D-4B1E-B51B-30BDC46319B0} = {EF2E0DBE-C33B-4479-82DA-004236EFC0C8}
		{A9E3E722-A7CC-4A04-A9C4-A4C87DD18AA8} = {9D9B19C0-75CE-45F4-9765-D24353D074B5}
		{D459A7BC-6E54-4FA9-9E12-67CE3D90394F} = {9D9B19C0-75CE-45F4-9765-D24353D074B5}
		{28F2DF8B-3C3B-411E-AF20-5A027F0F8776} = {9D9B19C0-75CE-45F4-9765-D24353D074B5}
		{0C80B2FE-F560-41A3-B450-9AA2D5564325} = {9D9B19C0-75CE-45F4-9765-D24353D074B5}
		{47AFE31C-4673-4B1D-9DF7-A14A1565B2AE} = {EF2E0DBE-C33B-4479-82DA-004236EFC0C8}
		{0BC82E3F-90B2-4873-B4DE-75DBBA42B0D2} = {9D9B19C0-75CE-45F4-9765-D24353D074B5}
		{DC5E6D0C-1F7A-4560-8E5B-98F1C043C03D} = {9D9B19C0-75CE-45F4-9765-D24353D074B5}
		{9CFF4569-1EDB-4D53-8436-D3C7124DABCD} = {9D9B19C0-75CE-45F4-9765-D24353D074B5}
		{BE169CBC-5E4B-423E-9B04-CAB520448ED0} = {EF2E0DBE-C33B-4479-82DA-004236EFC0C8}
	EndGlobalSection
	GlobalSection(ExtensibilityGlobals) = postSolution
		EnterpriseLibraryConfigurationToolBinariesPath = packages\Unity.2.1.505.2\lib\NET35
	EndGlobalSection
EndGlobal
