
Microsoft Visual Studio Solution File, Format Version 12.00
# Visual Studio 2013
VisualStudioVersion = 12.0.30501.0
MinimumVisualStudioVersion = 10.0.40219.1
Project("{FAE04EC0-301F-11D3-BF4B-00C04F79EFBC}") = "Warehouse.Silverlight", "Warehouse.Silverlight\Warehouse.Silverlight.csproj", "{ACA10940-D0C4-44DC-8012-703E69F58422}"
EndProject
Project("{FAE04EC0-301F-11D3-BF4B-00C04F79EFBC}") = "Warehouse.Server", "Warehouse.Server\Warehouse.Server.csproj", "{BD82060C-1D5E-4D6C-80AA-54FF96C5570C}"
EndProject
Project("{FAE04EC0-301F-11D3-BF4B-00C04F79EFBC}") = "Warehouse.Silverlight.MainModule", "Warehouse.Silverlight.MainModule\Warehouse.Silverlight.MainModule.csproj", "{F77D538B-1F2E-4F01-951F-DBA2B45CB937}"
EndProject
Project("{FAE04EC0-301F-11D3-BF4B-00C04F79EFBC}") = "Warehouse.Silverlight.Controls", "Warehouse.Silverlight.Controls\Warehouse.Silverlight.Controls.csproj", "{B0774D98-9D1C-4E60-8855-09A42CBE186A}"
EndProject
Project("{FAE04EC0-301F-11D3-BF4B-00C04F79EFBC}") = "Warehouse.Server.Data", "Warehouse.Server.Data\Warehouse.Server.Data.csproj", "{BB08A735-138E-4EE9-97C3-F096DC6579E9}"
EndProject
Project("{FAE04EC0-301F-11D3-BF4B-00C04F79EFBC}") = "Warehouse.Server.Models", "Warehouse.Server.Models\Warehouse.Server.Models.csproj", "{D1B1DE82-23E9-4266-BD6B-812D094965D0}"
EndProject
Project("{FAE04EC0-301F-11D3-BF4B-00C04F79EFBC}") = "Warehouse.Silverlight.NavigationModule", "Warehouse.Silverlight.NavigationModule\Warehouse.Silverlight.NavigationModule.csproj", "{5B0E4F0F-7646-40AF-AF9B-AF6E50793864}"
EndProject
Global
	GlobalSection(SolutionConfigurationPlatforms) = preSolution
		Debug|Any CPU = Debug|Any CPU
		Release|Any CPU = Release|Any CPU
	EndGlobalSection
	GlobalSection(ProjectConfigurationPlatforms) = postSolution
		{ACA10940-D0C4-44DC-8012-703E69F58422}.Debug|Any CPU.ActiveCfg = Debug|Any CPU
		{ACA10940-D0C4-44DC-8012-703E69F58422}.Debug|Any CPU.Build.0 = Debug|Any CPU
		{ACA10940-D0C4-44DC-8012-703E69F58422}.Release|Any CPU.ActiveCfg = Release|Any CPU
		{ACA10940-D0C4-44DC-8012-703E69F58422}.Release|Any CPU.Build.0 = Release|Any CPU
		{BD82060C-1D5E-4D6C-80AA-54FF96C5570C}.Debug|Any CPU.ActiveCfg = Debug|Any CPU
		{BD82060C-1D5E-4D6C-80AA-54FF96C5570C}.Debug|Any CPU.Build.0 = Debug|Any CPU
		{BD82060C-1D5E-4D6C-80AA-54FF96C5570C}.Release|Any CPU.ActiveCfg = Release|Any CPU
		{BD82060C-1D5E-4D6C-80AA-54FF96C5570C}.Release|Any CPU.Build.0 = Release|Any CPU
		{F77D538B-1F2E-4F01-951F-DBA2B45CB937}.Debug|Any CPU.ActiveCfg = Debug|Any CPU
		{F77D538B-1F2E-4F01-951F-DBA2B45CB937}.Debug|Any CPU.Build.0 = Debug|Any CPU
		{F77D538B-1F2E-4F01-951F-DBA2B45CB937}.Release|Any CPU.ActiveCfg = Release|Any CPU
		{F77D538B-1F2E-4F01-951F-DBA2B45CB937}.Release|Any CPU.Build.0 = Release|Any CPU
		{B0774D98-9D1C-4E60-8855-09A42CBE186A}.Debug|Any CPU.ActiveCfg = Debug|Any CPU
		{B0774D98-9D1C-4E60-8855-09A42CBE186A}.Debug|Any CPU.Build.0 = Debug|Any CPU
		{B0774D98-9D1C-4E60-8855-09A42CBE186A}.Release|Any CPU.ActiveCfg = Release|Any CPU
		{B0774D98-9D1C-4E60-8855-09A42CBE186A}.Release|Any CPU.Build.0 = Release|Any CPU
		{BB08A735-138E-4EE9-97C3-F096DC6579E9}.Debug|Any CPU.ActiveCfg = Debug|Any CPU
		{BB08A735-138E-4EE9-97C3-F096DC6579E9}.Debug|Any CPU.Build.0 = Debug|Any CPU
		{BB08A735-138E-4EE9-97C3-F096DC6579E9}.Release|Any CPU.ActiveCfg = Release|Any CPU
		{BB08A735-138E-4EE9-97C3-F096DC6579E9}.Release|Any CPU.Build.0 = Release|Any CPU
		{D1B1DE82-23E9-4266-BD6B-812D094965D0}.Debug|Any CPU.ActiveCfg = Debug|Any CPU
		{D1B1DE82-23E9-4266-BD6B-812D094965D0}.Debug|Any CPU.Build.0 = Debug|Any CPU
		{D1B1DE82-23E9-4266-BD6B-812D094965D0}.Release|Any CPU.ActiveCfg = Release|Any CPU
		{D1B1DE82-23E9-4266-BD6B-812D094965D0}.Release|Any CPU.Build.0 = Release|Any CPU
		{5B0E4F0F-7646-40AF-AF9B-AF6E50793864}.Debug|Any CPU.ActiveCfg = Debug|Any CPU
		{5B0E4F0F-7646-40AF-AF9B-AF6E50793864}.Debug|Any CPU.Build.0 = Debug|Any CPU
		{5B0E4F0F-7646-40AF-AF9B-AF6E50793864}.Release|Any CPU.ActiveCfg = Release|Any CPU
		{5B0E4F0F-7646-40AF-AF9B-AF6E50793864}.Release|Any CPU.Build.0 = Release|Any CPU
	EndGlobalSection
	GlobalSection(SolutionProperties) = preSolution
		HideSolutionNode = FALSE
	EndGlobalSection
	GlobalSection(ExtensibilityGlobals) = postSolution
		EnterpriseLibraryConfigurationToolBinariesPath = packages\Unity.2.1.505.2\lib\NET35
	EndGlobalSection
EndGlobal
